
Microsoft Visual Studio Solution File, Format Version 12.00
# Visual Studio Version 17
VisualStudioVersion = 17.4.33103.184
MinimumVisualStudioVersion = 10.0.40219.1
Project("{FAE04EC0-301F-11D3-BF4B-00C04F79EFBC}") = "assignment_21_nov", "assignment_21_nov\assignment_21_nov.csproj", "{2FF285F4-4ED7-47B4-AD75-0F70D0DE2C9F}"
EndProject
Global
	GlobalSection(SolutionConfigurationPlatforms) = preSolution
		Debug|Any CPU = Debug|Any CPU
		Release|Any CPU = Release|Any CPU
	EndGlobalSection
	GlobalSection(ProjectConfigurationPlatforms) = postSolution
		{2FF285F4-4ED7-47B4-AD75-0F70D0DE2C9F}.Debug|Any CPU.ActiveCfg = Debug|Any CPU
		{2FF285F4-4ED7-47B4-AD75-0F70D0DE2C9F}.Debug|Any CPU.Build.0 = Debug|Any CPU
		{2FF285F4-4ED7-47B4-AD75-0F70D0DE2C9F}.Release|Any CPU.ActiveCfg = Release|Any CPU
		{2FF285F4-4ED7-47B4-AD75-0F70D0DE2C9F}.Release|Any CPU.Build.0 = Release|Any CPU
	EndGlobalSection
	GlobalSection(SolutionProperties) = preSolution
		HideSolutionNode = FALSE
	EndGlobalSection
	GlobalSection(ExtensibilityGlobals) = postSolution
		SolutionGuid = {2FF2926B-FC2C-44E6-BA41-C89D4F7329F2}
	EndGlobalSection
EndGlobal
